// !$*UTF8*$!
{
	archiveVersion = 1;
	classes = {
	};
	objectVersion = 56;
	objects = {

/* Begin PBXBuildFile section */
		C931657D29178797006AE577 /* LocalFileManager.swift in Sources */ = {isa = PBXBuildFile; fileRef = C931657C29178797006AE577 /* LocalFileManager.swift */; };
		C94191E029323BB7004C9CBF /* Utility.swift in Sources */ = {isa = PBXBuildFile; fileRef = C94191DF29323BB7004C9CBF /* Utility.swift */; };
		C95EC8D928FA6C0D00F621F1 /* CarouselCell.swift in Sources */ = {isa = PBXBuildFile; fileRef = C95EC8D728FA6C0D00F621F1 /* CarouselCell.swift */; };
		C962F3FE28F317C80004F1F3 /* ScalingCarousel in Frameworks */ = {isa = PBXBuildFile; productRef = C962F3FD28F317C80004F1F3 /* ScalingCarousel */; };
		C96610EC28F1492D0047215D /* MenuUIView.swift in Sources */ = {isa = PBXBuildFile; fileRef = C96610EB28F1492D0047215D /* MenuUIView.swift */; };
		C977DFB7294D77D400935A78 /* ApplicationError.swift in Sources */ = {isa = PBXBuildFile; fileRef = C977DFB6294D77D400935A78 /* ApplicationError.swift */; };
		C9CEA40428EAB62700FADA23 /* AppDelegate.swift in Sources */ = {isa = PBXBuildFile; fileRef = C9CEA40328EAB62700FADA23 /* AppDelegate.swift */; };
		C9CEA40628EAB62700FADA23 /* ViewController.swift in Sources */ = {isa = PBXBuildFile; fileRef = C9CEA40528EAB62700FADA23 /* ViewController.swift */; };
		C9CEA40B28EAB62700FADA23 /* Main.storyboard in Resources */ = {isa = PBXBuildFile; fileRef = C9CEA40928EAB62700FADA23 /* Main.storyboard */; };
		C9CEA40D28EAB62800FADA23 /* Assets.xcassets in Resources */ = {isa = PBXBuildFile; fileRef = C9CEA40C28EAB62800FADA23 /* Assets.xcassets */; };
		C9CEA41028EAB62800FADA23 /* LaunchScreen.storyboard in Resources */ = {isa = PBXBuildFile; fileRef = C9CEA40E28EAB62800FADA23 /* LaunchScreen.storyboard */; };
		C9E1DC7928ED4B9D000CFDC7 /* toy_drummer.usdz in Resources */ = {isa = PBXBuildFile; fileRef = C9E1DC7828ED4B9D000CFDC7 /* toy_drummer.usdz */; };
		C9E1DC7B28ED4BAC000CFDC7 /* toy_biplane.usdz in Resources */ = {isa = PBXBuildFile; fileRef = C9E1DC7A28ED4BAC000CFDC7 /* toy_biplane.usdz */; };
		C9E1DC7D28ED4BB7000CFDC7 /* AirForce.usdz in Resources */ = {isa = PBXBuildFile; fileRef = C9E1DC7C28ED4BB7000CFDC7 /* AirForce.usdz */; };
		C9EBB9CC2960015700A87D43 /* FocusEntity in Frameworks */ = {isa = PBXBuildFile; productRef = C9EBB9CB2960015700A87D43 /* FocusEntity */; };
/* End PBXBuildFile section */

/* Begin PBXFileReference section */
		C931657C29178797006AE577 /* LocalFileManager.swift */ = {isa = PBXFileReference; lastKnownFileType = sourcecode.swift; path = LocalFileManager.swift; sourceTree = "<group>"; };
		C94191DF29323BB7004C9CBF /* Utility.swift */ = {isa = PBXFileReference; lastKnownFileType = sourcecode.swift; path = Utility.swift; sourceTree = "<group>"; };
		C95EC8D728FA6C0D00F621F1 /* CarouselCell.swift */ = {isa = PBXFileReference; lastKnownFileType = sourcecode.swift; path = CarouselCell.swift; sourceTree = "<group>"; };
		C96610EB28F1492D0047215D /* MenuUIView.swift */ = {isa = PBXFileReference; lastKnownFileType = sourcecode.swift; path = MenuUIView.swift; sourceTree = "<group>"; };
		C977DFB6294D77D400935A78 /* ApplicationError.swift */ = {isa = PBXFileReference; lastKnownFileType = sourcecode.swift; path = ApplicationError.swift; sourceTree = "<group>"; };
		C9A53FC42910FEC5003CA659 /* AR-Object-Viewer-Info.plist */ = {isa = PBXFileReference; lastKnownFileType = text.plist; path = "AR-Object-Viewer-Info.plist"; sourceTree = SOURCE_ROOT; };
		C9CEA40028EAB62700FADA23 /* AR Object Viewer.app */ = {isa = PBXFileReference; explicitFileType = wrapper.application; includeInIndex = 0; path = "AR Object Viewer.app"; sourceTree = BUILT_PRODUCTS_DIR; };
		C9CEA40328EAB62700FADA23 /* AppDelegate.swift */ = {isa = PBXFileReference; lastKnownFileType = sourcecode.swift; path = AppDelegate.swift; sourceTree = "<group>"; };
		C9CEA40528EAB62700FADA23 /* ViewController.swift */ = {isa = PBXFileReference; lastKnownFileType = sourcecode.swift; path = ViewController.swift; sourceTree = "<group>"; };
		C9CEA40A28EAB62700FADA23 /* Base */ = {isa = PBXFileReference; lastKnownFileType = file.storyboard; name = Base; path = Base.lproj/Main.storyboard; sourceTree = "<group>"; };
		C9CEA40C28EAB62800FADA23 /* Assets.xcassets */ = {isa = PBXFileReference; lastKnownFileType = folder.assetcatalog; path = Assets.xcassets; sourceTree = "<group>"; };
		C9CEA40F28EAB62800FADA23 /* Base */ = {isa = PBXFileReference; lastKnownFileType = file.storyboard; name = Base; path = Base.lproj/LaunchScreen.storyboard; sourceTree = "<group>"; };
		C9E1DC7828ED4B9D000CFDC7 /* toy_drummer.usdz */ = {isa = PBXFileReference; lastKnownFileType = file.usdz; path = toy_drummer.usdz; sourceTree = "<group>"; };
		C9E1DC7A28ED4BAC000CFDC7 /* toy_biplane.usdz */ = {isa = PBXFileReference; lastKnownFileType = file.usdz; path = toy_biplane.usdz; sourceTree = "<group>"; };
		C9E1DC7C28ED4BB7000CFDC7 /* AirForce.usdz */ = {isa = PBXFileReference; lastKnownFileType = file.usdz; path = AirForce.usdz; sourceTree = "<group>"; };
/* End PBXFileReference section */

/* Begin PBXFrameworksBuildPhase section */
		C9CEA3FD28EAB62700FADA23 /* Frameworks */ = {
			isa = PBXFrameworksBuildPhase;
			buildActionMask = 2147483647;
			files = (
				C9EBB9CC2960015700A87D43 /* FocusEntity in Frameworks */,
				C962F3FE28F317C80004F1F3 /* ScalingCarousel in Frameworks */,
			);
			runOnlyForDeploymentPostprocessing = 0;
		};
/* End PBXFrameworksBuildPhase section */

/* Begin PBXGroup section */
		C94191DE29320D8B004C9CBF /* Managers */ = {
			isa = PBXGroup;
			children = (
				C931657C29178797006AE577 /* LocalFileManager.swift */,
				C977DFB6294D77D400935A78 /* ApplicationError.swift */,
			);
			path = Managers;
			sourceTree = "<group>";
		};
		C954FC932903A9B300B95A73 /* Helper classes */ = {
			isa = PBXGroup;
			children = (
				C94191DF29323BB7004C9CBF /* Utility.swift */,
			);
			path = "Helper classes";
			sourceTree = "<group>";
		};
		C9CEA3F728EAB62700FADA23 = {
			isa = PBXGroup;
			children = (
				C9CEA40228EAB62700FADA23 /* AR Object Viewer */,
				C9CEA40128EAB62700FADA23 /* Products */,
			);
			sourceTree = "<group>";
		};
		C9CEA40128EAB62700FADA23 /* Products */ = {
			isa = PBXGroup;
			children = (
				C9CEA40028EAB62700FADA23 /* AR Object Viewer.app */,
			);
			name = Products;
			sourceTree = "<group>";
		};
		C9CEA40228EAB62700FADA23 /* AR Object Viewer */ = {
			isa = PBXGroup;
			children = (
				C94191DE29320D8B004C9CBF /* Managers */,
				C9A53FC42910FEC5003CA659 /* AR-Object-Viewer-Info.plist */,
				C9E1DC7728ED4AC3000CFDC7 /* Models */,
				C9CEA40328EAB62700FADA23 /* AppDelegate.swift */,
				C96610EB28F1492D0047215D /* MenuUIView.swift */,
				C9CEA40528EAB62700FADA23 /* ViewController.swift */,
				C9CEA40928EAB62700FADA23 /* Main.storyboard */,
				C9CEA40C28EAB62800FADA23 /* Assets.xcassets */,
				C9CEA40E28EAB62800FADA23 /* LaunchScreen.storyboard */,
				C95EC8D728FA6C0D00F621F1 /* CarouselCell.swift */,
				C954FC932903A9B300B95A73 /* Helper classes */,
			);
			path = "AR Object Viewer";
			sourceTree = "<group>";
		};
		C9E1DC7728ED4AC3000CFDC7 /* Models */ = {
			isa = PBXGroup;
			children = (
				C9E1DC7828ED4B9D000CFDC7 /* toy_drummer.usdz */,
				C9E1DC7A28ED4BAC000CFDC7 /* toy_biplane.usdz */,
				C9E1DC7C28ED4BB7000CFDC7 /* AirForce.usdz */,
			);
			path = Models;
			sourceTree = "<group>";
		};
/* End PBXGroup section */

/* Begin PBXNativeTarget section */
		C9CEA3FF28EAB62700FADA23 /* AR Object Viewer */ = {
			isa = PBXNativeTarget;
			buildConfigurationList = C9CEA41328EAB62800FADA23 /* Build configuration list for PBXNativeTarget "AR Object Viewer" */;
			buildPhases = (
				C9CEA3FC28EAB62700FADA23 /* Sources */,
				C9CEA3FD28EAB62700FADA23 /* Frameworks */,
				C9CEA3FE28EAB62700FADA23 /* Resources */,
			);
			buildRules = (
			);
			dependencies = (
			);
			name = "AR Object Viewer";
			packageProductDependencies = (
				C962F3FD28F317C80004F1F3 /* ScalingCarousel */,
				C9EBB9CB2960015700A87D43 /* FocusEntity */,
			);
			productName = "AR Object Viewer";
			productReference = C9CEA40028EAB62700FADA23 /* AR Object Viewer.app */;
			productType = "com.apple.product-type.application";
		};
/* End PBXNativeTarget section */

/* Begin PBXProject section */
		C9CEA3F828EAB62700FADA23 /* Project object */ = {
			isa = PBXProject;
			attributes = {
				BuildIndependentTargetsInParallel = 1;
				LastSwiftUpdateCheck = 1400;
				LastUpgradeCheck = 1400;
				TargetAttributes = {
					C9CEA3FF28EAB62700FADA23 = {
						CreatedOnToolsVersion = 14.0.1;
					};
				};
			};
			buildConfigurationList = C9CEA3FB28EAB62700FADA23 /* Build configuration list for PBXProject "AR Object Viewer" */;
			compatibilityVersion = "Xcode 14.0";
			developmentRegion = en;
			hasScannedForEncodings = 0;
			knownRegions = (
				en,
				Base,
			);
			mainGroup = C9CEA3F728EAB62700FADA23;
			packageReferences = (
				C962F3FC28F317C80004F1F3 /* XCRemoteSwiftPackageReference "ScalingCarousel" */,
				C9EBB9CA2960015700A87D43 /* XCRemoteSwiftPackageReference "FocusEntity" */,
			);
			productRefGroup = C9CEA40128EAB62700FADA23 /* Products */;
			projectDirPath = "";
			projectRoot = "";
			targets = (
				C9CEA3FF28EAB62700FADA23 /* AR Object Viewer */,
			);
		};
/* End PBXProject section */

/* Begin PBXResourcesBuildPhase section */
		C9CEA3FE28EAB62700FADA23 /* Resources */ = {
			isa = PBXResourcesBuildPhase;
			buildActionMask = 2147483647;
			files = (
				C9CEA41028EAB62800FADA23 /* LaunchScreen.storyboard in Resources */,
				C9E1DC7B28ED4BAC000CFDC7 /* toy_biplane.usdz in Resources */,
				C9E1DC7D28ED4BB7000CFDC7 /* AirForce.usdz in Resources */,
				C9CEA40D28EAB62800FADA23 /* Assets.xcassets in Resources */,
				C9CEA40B28EAB62700FADA23 /* Main.storyboard in Resources */,
				C9E1DC7928ED4B9D000CFDC7 /* toy_drummer.usdz in Resources */,
			);
			runOnlyForDeploymentPostprocessing = 0;
		};
/* End PBXResourcesBuildPhase section */

/* Begin PBXSourcesBuildPhase section */
		C9CEA3FC28EAB62700FADA23 /* Sources */ = {
			isa = PBXSourcesBuildPhase;
			buildActionMask = 2147483647;
			files = (
				C96610EC28F1492D0047215D /* MenuUIView.swift in Sources */,
				C9CEA40628EAB62700FADA23 /* ViewController.swift in Sources */,
				C94191E029323BB7004C9CBF /* Utility.swift in Sources */,
				C9CEA40428EAB62700FADA23 /* AppDelegate.swift in Sources */,
				C95EC8D928FA6C0D00F621F1 /* CarouselCell.swift in Sources */,
				C931657D29178797006AE577 /* LocalFileManager.swift in Sources */,
				C977DFB7294D77D400935A78 /* ApplicationError.swift in Sources */,
			);
			runOnlyForDeploymentPostprocessing = 0;
		};
/* End PBXSourcesBuildPhase section */

/* Begin PBXVariantGroup section */
		C9CEA40928EAB62700FADA23 /* Main.storyboard */ = {
			isa = PBXVariantGroup;
			children = (
				C9CEA40A28EAB62700FADA23 /* Base */,
			);
			name = Main.storyboard;
			sourceTree = "<group>";
		};
		C9CEA40E28EAB62800FADA23 /* LaunchScreen.storyboard */ = {
			isa = PBXVariantGroup;
			children = (
				C9CEA40F28EAB62800FADA23 /* Base */,
			);
			name = LaunchScreen.storyboard;
			sourceTree = "<group>";
		};
/* End PBXVariantGroup section */

/* Begin XCBuildConfiguration section */
		C9CEA41128EAB62800FADA23 /* Debug */ = {
			isa = XCBuildConfiguration;
			buildSettings = {
				ALWAYS_SEARCH_USER_PATHS = NO;
				CLANG_ANALYZER_NONNULL = YES;
				CLANG_ANALYZER_NUMBER_OBJECT_CONVERSION = YES_AGGRESSIVE;
				CLANG_CXX_LANGUAGE_STANDARD = "gnu++20";
				CLANG_ENABLE_MODULES = YES;
				CLANG_ENABLE_OBJC_ARC = YES;
				CLANG_ENABLE_OBJC_WEAK = YES;
				CLANG_WARN_BLOCK_CAPTURE_AUTORELEASING = YES;
				CLANG_WARN_BOOL_CONVERSION = YES;
				CLANG_WARN_COMMA = YES;
				CLANG_WARN_CONSTANT_CONVERSION = YES;
				CLANG_WARN_DEPRECATED_OBJC_IMPLEMENTATIONS = YES;
				CLANG_WARN_DIRECT_OBJC_ISA_USAGE = YES_ERROR;
				CLANG_WARN_DOCUMENTATION_COMMENTS = YES;
				CLANG_WARN_EMPTY_BODY = YES;
				CLANG_WARN_ENUM_CONVERSION = YES;
				CLANG_WARN_INFINITE_RECURSION = YES;
				CLANG_WARN_INT_CONVERSION = YES;
				CLANG_WARN_NON_LITERAL_NULL_CONVERSION = YES;
				CLANG_WARN_OBJC_IMPLICIT_RETAIN_SELF = YES;
				CLANG_WARN_OBJC_LITERAL_CONVERSION = YES;
				CLANG_WARN_OBJC_ROOT_CLASS = YES_ERROR;
				CLANG_WARN_QUOTED_INCLUDE_IN_FRAMEWORK_HEADER = YES;
				CLANG_WARN_RANGE_LOOP_ANALYSIS = YES;
				CLANG_WARN_STRICT_PROTOTYPES = YES;
				CLANG_WARN_SUSPICIOUS_MOVE = YES;
				CLANG_WARN_UNGUARDED_AVAILABILITY = YES_AGGRESSIVE;
				CLANG_WARN_UNREACHABLE_CODE = YES;
				CLANG_WARN__DUPLICATE_METHOD_MATCH = YES;
				COPY_PHASE_STRIP = NO;
				DEBUG_INFORMATION_FORMAT = dwarf;
				ENABLE_STRICT_OBJC_MSGSEND = YES;
				ENABLE_TESTABILITY = YES;
				GCC_C_LANGUAGE_STANDARD = gnu11;
				GCC_DYNAMIC_NO_PIC = NO;
				GCC_NO_COMMON_BLOCKS = YES;
				GCC_OPTIMIZATION_LEVEL = 0;
				GCC_PREPROCESSOR_DEFINITIONS = (
					"DEBUG=1",
					"$(inherited)",
				);
				GCC_WARN_64_TO_32_BIT_CONVERSION = YES;
				GCC_WARN_ABOUT_RETURN_TYPE = YES_ERROR;
				GCC_WARN_UNDECLARED_SELECTOR = YES;
				GCC_WARN_UNINITIALIZED_AUTOS = YES_AGGRESSIVE;
				GCC_WARN_UNUSED_FUNCTION = YES;
				GCC_WARN_UNUSED_VARIABLE = YES;
				IPHONEOS_DEPLOYMENT_TARGET = 16.0;
				MTL_ENABLE_DEBUG_INFO = INCLUDE_SOURCE;
				MTL_FAST_MATH = YES;
				ONLY_ACTIVE_ARCH = YES;
				SDKROOT = iphoneos;
				SWIFT_ACTIVE_COMPILATION_CONDITIONS = DEBUG;
				SWIFT_OPTIMIZATION_LEVEL = "-Onone";
			};
			name = Debug;
		};
		C9CEA41228EAB62800FADA23 /* Release */ = {
			isa = XCBuildConfiguration;
			buildSettings = {
				ALWAYS_SEARCH_USER_PATHS = NO;
				CLANG_ANALYZER_NONNULL = YES;
				CLANG_ANALYZER_NUMBER_OBJECT_CONVERSION = YES_AGGRESSIVE;
				CLANG_CXX_LANGUAGE_STANDARD = "gnu++20";
				CLANG_ENABLE_MODULES = YES;
				CLANG_ENABLE_OBJC_ARC = YES;
				CLANG_ENABLE_OBJC_WEAK = YES;
				CLANG_WARN_BLOCK_CAPTURE_AUTORELEASING = YES;
				CLANG_WARN_BOOL_CONVERSION = YES;
				CLANG_WARN_COMMA = YES;
				CLANG_WARN_CONSTANT_CONVERSION = YES;
				CLANG_WARN_DEPRECATED_OBJC_IMPLEMENTATIONS = YES;
				CLANG_WARN_DIRECT_OBJC_ISA_USAGE = YES_ERROR;
				CLANG_WARN_DOCUMENTATION_COMMENTS = YES;
				CLANG_WARN_EMPTY_BODY = YES;
				CLANG_WARN_ENUM_CONVERSION = YES;
				CLANG_WARN_INFINITE_RECURSION = YES;
				CLANG_WARN_INT_CONVERSION = YES;
				CLANG_WARN_NON_LITERAL_NULL_CONVERSION = YES;
				CLANG_WARN_OBJC_IMPLICIT_RETAIN_SELF = YES;
				CLANG_WARN_OBJC_LITERAL_CONVERSION = YES;
				CLANG_WARN_OBJC_ROOT_CLASS = YES_ERROR;
				CLANG_WARN_QUOTED_INCLUDE_IN_FRAMEWORK_HEADER = YES;
				CLANG_WARN_RANGE_LOOP_ANALYSIS = YES;
				CLANG_WARN_STRICT_PROTOTYPES = YES;
				CLANG_WARN_SUSPICIOUS_MOVE = YES;
				CLANG_WARN_UNGUARDED_AVAILABILITY = YES_AGGRESSIVE;
				CLANG_WARN_UNREACHABLE_CODE = YES;
				CLANG_WARN__DUPLICATE_METHOD_MATCH = YES;
				COPY_PHASE_STRIP = NO;
				DEBUG_INFORMATION_FORMAT = "dwarf-with-dsym";
				ENABLE_NS_ASSERTIONS = NO;
				ENABLE_STRICT_OBJC_MSGSEND = YES;
				GCC_C_LANGUAGE_STANDARD = gnu11;
				GCC_NO_COMMON_BLOCKS = YES;
				GCC_WARN_64_TO_32_BIT_CONVERSION = YES;
				GCC_WARN_ABOUT_RETURN_TYPE = YES_ERROR;
				GCC_WARN_UNDECLARED_SELECTOR = YES;
				GCC_WARN_UNINITIALIZED_AUTOS = YES_AGGRESSIVE;
				GCC_WARN_UNUSED_FUNCTION = YES;
				GCC_WARN_UNUSED_VARIABLE = YES;
				IPHONEOS_DEPLOYMENT_TARGET = 16.0;
				MTL_ENABLE_DEBUG_INFO = NO;
				MTL_FAST_MATH = YES;
				SDKROOT = iphoneos;
				SWIFT_COMPILATION_MODE = wholemodule;
				SWIFT_OPTIMIZATION_LEVEL = "-O";
				VALIDATE_PRODUCT = YES;
			};
			name = Release;
		};
		C9CEA41428EAB62800FADA23 /* Debug */ = {
			isa = XCBuildConfiguration;
			buildSettings = {
				ASSETCATALOG_COMPILER_APPICON_NAME = AppIcon;
				ASSETCATALOG_COMPILER_GLOBAL_ACCENT_COLOR_NAME = AccentColor;
				CODE_SIGN_STYLE = Automatic;
				CURRENT_PROJECT_VERSION = 1;
				DEVELOPMENT_TEAM = 53C3L492D5;
				GENERATE_INFOPLIST_FILE = YES;
				INFOPLIST_FILE = "AR-Object-Viewer-Info.plist";
				INFOPLIST_KEY_LSSupportsOpeningDocumentsInPlace = YES;
				INFOPLIST_KEY_NSCameraUsageDescription = "";
				INFOPLIST_KEY_UIApplicationSupportsIndirectInputEvents = YES;
				INFOPLIST_KEY_UILaunchStoryboardName = LaunchScreen;
				INFOPLIST_KEY_UIMainStoryboardFile = Main;
				INFOPLIST_KEY_UIRequiredDeviceCapabilities = arkit;
				INFOPLIST_KEY_UIRequiresFullScreen = YES;
				INFOPLIST_KEY_UIStatusBarHidden = YES;
				INFOPLIST_KEY_UISupportedInterfaceOrientations = UIInterfaceOrientationPortrait;
				IPHONEOS_DEPLOYMENT_TARGET = 15.0;
				LD_RUNPATH_SEARCH_PATHS = (
					"$(inherited)",
					"@executable_path/Frameworks",
				);
				MARKETING_VERSION = 1.0;
				PRODUCT_BUNDLE_IDENTIFIER = "com.rohan..AR-Object-Viewer";
				PRODUCT_NAME = "$(TARGET_NAME)";
				SWIFT_EMIT_LOC_STRINGS = YES;
				SWIFT_VERSION = 5.0;
				TARGETED_DEVICE_FAMILY = "1,2";
			};
			name = Debug;
		};
		C9CEA41528EAB62800FADA23 /* Release */ = {
			isa = XCBuildConfiguration;
			buildSettings = {
				ASSETCATALOG_COMPILER_APPICON_NAME = AppIcon;
				ASSETCATALOG_COMPILER_GLOBAL_ACCENT_COLOR_NAME = AccentColor;
				CODE_SIGN_STYLE = Automatic;
				CURRENT_PROJECT_VERSION = 1;
				DEVELOPMENT_TEAM = 53C3L492D5;
				GENERATE_INFOPLIST_FILE = YES;
				INFOPLIST_FILE = "AR-Object-Viewer-Info.plist";
				INFOPLIST_KEY_LSSupportsOpeningDocumentsInPlace = YES;
				INFOPLIST_KEY_NSCameraUsageDescription = "";
				INFOPLIST_KEY_UIApplicationSupportsIndirectInputEvents = YES;
				INFOPLIST_KEY_UILaunchStoryboardName = LaunchScreen;
				INFOPLIST_KEY_UIMainStoryboardFile = Main;
				INFOPLIST_KEY_UIRequiredDeviceCapabilities = arkit;
				INFOPLIST_KEY_UIRequiresFullScreen = YES;
				INFOPLIST_KEY_UIStatusBarHidden = YES;
				INFOPLIST_KEY_UISupportedInterfaceOrientations = UIInterfaceOrientationPortrait;
				IPHONEOS_DEPLOYMENT_TARGET = 15.0;
				LD_RUNPATH_SEARCH_PATHS = (
					"$(inherited)",
					"@executable_path/Frameworks",
				);
				MARKETING_VERSION = 1.0;
				PRODUCT_BUNDLE_IDENTIFIER = "com.rohan..AR-Object-Viewer";
				PRODUCT_NAME = "$(TARGET_NAME)";
				SWIFT_EMIT_LOC_STRINGS = YES;
				SWIFT_VERSION = 5.0;
				TARGETED_DEVICE_FAMILY = "1,2";
			};
			name = Release;
		};
/* End XCBuildConfiguration section */

/* Begin XCConfigurationList section */
		C9CEA3FB28EAB62700FADA23 /* Build configuration list for PBXProject "AR Object Viewer" */ = {
			isa = XCConfigurationList;
			buildConfigurations = (
				C9CEA41128EAB62800FADA23 /* Debug */,
				C9CEA41228EAB62800FADA23 /* Release */,
			);
			defaultConfigurationIsVisible = 0;
			defaultConfigurationName = Release;
		};
		C9CEA41328EAB62800FADA23 /* Build configuration list for PBXNativeTarget "AR Object Viewer" */ = {
			isa = XCConfigurationList;
			buildConfigurations = (
				C9CEA41428EAB62800FADA23 /* Debug */,
				C9CEA41528EAB62800FADA23 /* Release */,
			);
			defaultConfigurationIsVisible = 0;
			defaultConfigurationName = Release;
		};
/* End XCConfigurationList section */

/* Begin XCRemoteSwiftPackageReference section */
		C962F3FC28F317C80004F1F3 /* XCRemoteSwiftPackageReference "ScalingCarousel" */ = {
			isa = XCRemoteSwiftPackageReference;
			repositoryURL = "https://github.com/superpeteblaze/ScalingCarousel.git";
			requirement = {
				branch = master;
				kind = branch;
			};
		};
		C9EBB9CA2960015700A87D43 /* XCRemoteSwiftPackageReference "FocusEntity" */ = {
			isa = XCRemoteSwiftPackageReference;
			repositoryURL = "https://github.com/maxxfrazer/FocusEntity";
			requirement = {
				kind = upToNextMajorVersion;
				minimumVersion = 2.0.0;
			};
		};
/* End XCRemoteSwiftPackageReference section */

/* Begin XCSwiftPackageProductDependency section */
		C962F3FD28F317C80004F1F3 /* ScalingCarousel */ = {
			isa = XCSwiftPackageProductDependency;
			package = C962F3FC28F317C80004F1F3 /* XCRemoteSwiftPackageReference "ScalingCarousel" */;
			productName = ScalingCarousel;
		};
		C9EBB9CB2960015700A87D43 /* FocusEntity */ = {
			isa = XCSwiftPackageProductDependency;
			package = C9EBB9CA2960015700A87D43 /* XCRemoteSwiftPackageReference "FocusEntity" */;
			productName = FocusEntity;
		};
/* End XCSwiftPackageProductDependency section */
	};
	rootObject = C9CEA3F828EAB62700FADA23 /* Project object */;
}
